// !$*UTF8*$!
{
	archiveVersion = 1;
	classes = {
	};
	objectVersion = 46;
	objects = {

/* Begin PBXBuildFile section */
		FB0C3D091B73A680001D4246 /* AppDelegate.swift in Sources */ = {isa = PBXBuildFile; fileRef = FB0C3D081B73A680001D4246 /* AppDelegate.swift */; };
		FB0C3D0B1B73A680001D4246 /* LoginViewController.swift in Sources */ = {isa = PBXBuildFile; fileRef = FB0C3D0A1B73A680001D4246 /* LoginViewController.swift */; };
		FB0C3D0E1B73A680001D4246 /* Main.storyboard in Resources */ = {isa = PBXBuildFile; fileRef = FB0C3D0C1B73A680001D4246 /* Main.storyboard */; };
		FB0C3D101B73A680001D4246 /* Images.xcassets in Resources */ = {isa = PBXBuildFile; fileRef = FB0C3D0F1B73A680001D4246 /* Images.xcassets */; };
		FB0C3D131B73A680001D4246 /* LaunchScreen.xib in Resources */ = {isa = PBXBuildFile; fileRef = FB0C3D111B73A680001D4246 /* LaunchScreen.xib */; };
		FB0C3D1F1B73A680001D4246 /* OnTheMapTests.swift in Sources */ = {isa = PBXBuildFile; fileRef = FB0C3D1E1B73A680001D4246 /* OnTheMapTests.swift */; };
		FB152BB91B83D50500C6AD07 /* ListViewController.swift in Sources */ = {isa = PBXBuildFile; fileRef = FB152BB81B83D50500C6AD07 /* ListViewController.swift */; };
		FB152BBB1B83D61900C6AD07 /* MapViewController.swift in Sources */ = {isa = PBXBuildFile; fileRef = FB152BBA1B83D61900C6AD07 /* MapViewController.swift */; };
		FB152BBD1B83D71000C6AD07 /* InfoPostViewController.swift in Sources */ = {isa = PBXBuildFile; fileRef = FB152BBC1B83D71000C6AD07 /* InfoPostViewController.swift */; };
		FB152BC31B88EC1200C6AD07 /* UdacityClient.swift in Sources */ = {isa = PBXBuildFile; fileRef = FB152BC21B88EC1200C6AD07 /* UdacityClient.swift */; };
/* End PBXBuildFile section */

/* Begin PBXContainerItemProxy section */
		FB0C3D191B73A680001D4246 /* PBXContainerItemProxy */ = {
			isa = PBXContainerItemProxy;
			containerPortal = FB0C3CFB1B73A67F001D4246 /* Project object */;
			proxyType = 1;
			remoteGlobalIDString = FB0C3D021B73A67F001D4246;
			remoteInfo = OnTheMap;
		};
/* End PBXContainerItemProxy section */

/* Begin PBXFileReference section */
		FB0C3D031B73A67F001D4246 /* OnTheMap.app */ = {isa = PBXFileReference; explicitFileType = wrapper.application; includeInIndex = 0; path = OnTheMap.app; sourceTree = BUILT_PRODUCTS_DIR; };
		FB0C3D071B73A680001D4246 /* Info.plist */ = {isa = PBXFileReference; lastKnownFileType = text.plist.xml; path = Info.plist; sourceTree = "<group>"; };
		FB0C3D081B73A680001D4246 /* AppDelegate.swift */ = {isa = PBXFileReference; lastKnownFileType = sourcecode.swift; path = AppDelegate.swift; sourceTree = "<group>"; };
		FB0C3D0A1B73A680001D4246 /* LoginViewController.swift */ = {isa = PBXFileReference; lastKnownFileType = sourcecode.swift; path = LoginViewController.swift; sourceTree = "<group>"; };
		FB0C3D0D1B73A680001D4246 /* Base */ = {isa = PBXFileReference; lastKnownFileType = file.storyboard; name = Base; path = Base.lproj/Main.storyboard; sourceTree = "<group>"; };
		FB0C3D0F1B73A680001D4246 /* Images.xcassets */ = {isa = PBXFileReference; lastKnownFileType = folder.assetcatalog; path = Images.xcassets; sourceTree = "<group>"; };
		FB0C3D121B73A680001D4246 /* Base */ = {isa = PBXFileReference; lastKnownFileType = file.xib; name = Base; path = Base.lproj/LaunchScreen.xib; sourceTree = "<group>"; };
		FB0C3D181B73A680001D4246 /* OnTheMapTests.xctest */ = {isa = PBXFileReference; explicitFileType = wrapper.cfbundle; includeInIndex = 0; path = OnTheMapTests.xctest; sourceTree = BUILT_PRODUCTS_DIR; };
		FB0C3D1D1B73A680001D4246 /* Info.plist */ = {isa = PBXFileReference; lastKnownFileType = text.plist.xml; path = Info.plist; sourceTree = "<group>"; };
		FB0C3D1E1B73A680001D4246 /* OnTheMapTests.swift */ = {isa = PBXFileReference; lastKnownFileType = sourcecode.swift; path = OnTheMapTests.swift; sourceTree = "<group>"; };
		FB152BB81B83D50500C6AD07 /* ListViewController.swift */ = {isa = PBXFileReference; fileEncoding = 4; lastKnownFileType = sourcecode.swift; path = ListViewController.swift; sourceTree = "<group>"; };
		FB152BBA1B83D61900C6AD07 /* MapViewController.swift */ = {isa = PBXFileReference; fileEncoding = 4; lastKnownFileType = sourcecode.swift; path = MapViewController.swift; sourceTree = "<group>"; };
		FB152BBC1B83D71000C6AD07 /* InfoPostViewController.swift */ = {isa = PBXFileReference; fileEncoding = 4; lastKnownFileType = sourcecode.swift; path = InfoPostViewController.swift; sourceTree = "<group>"; };
		FB152BC21B88EC1200C6AD07 /* UdacityClient.swift */ = {isa = PBXFileReference; fileEncoding = 4; lastKnownFileType = sourcecode.swift; path = UdacityClient.swift; sourceTree = "<group>"; };
/* End PBXFileReference section */

/* Begin PBXFrameworksBuildPhase section */
		FB0C3D001B73A67F001D4246 /* Frameworks */ = {
			isa = PBXFrameworksBuildPhase;
			buildActionMask = 2147483647;
			files = (
			);
			runOnlyForDeploymentPostprocessing = 0;
		};
		FB0C3D151B73A680001D4246 /* Frameworks */ = {
			isa = PBXFrameworksBuildPhase;
			buildActionMask = 2147483647;
			files = (
			);
			runOnlyForDeploymentPostprocessing = 0;
		};
/* End PBXFrameworksBuildPhase section */

/* Begin PBXGroup section */
		FB0C3CFA1B73A67F001D4246 = {
			isa = PBXGroup;
			children = (
				FB0C3D051B73A67F001D4246 /* OnTheMap */,
				FB0C3D1B1B73A680001D4246 /* OnTheMapTests */,
				FB0C3D041B73A67F001D4246 /* Products */,
			);
			sourceTree = "<group>";
		};
		FB0C3D041B73A67F001D4246 /* Products */ = {
			isa = PBXGroup;
			children = (
				FB0C3D031B73A67F001D4246 /* OnTheMap.app */,
				FB0C3D181B73A680001D4246 /* OnTheMapTests.xctest */,
			);
			name = Products;
			sourceTree = "<group>";
		};
		FB0C3D051B73A67F001D4246 /* OnTheMap */ = {
			isa = PBXGroup;
			children = (
				FB152BBF1B8667D600C6AD07 /* Model */,
				FB152BBE1B8667C100C6AD07 /* Controller */,
				FB0C3D081B73A680001D4246 /* AppDelegate.swift */,
				FB0C3D0C1B73A680001D4246 /* Main.storyboard */,
				FB0C3D0F1B73A680001D4246 /* Images.xcassets */,
				FB0C3D111B73A680001D4246 /* LaunchScreen.xib */,
				FB0C3D061B73A67F001D4246 /* Supporting Files */,
			);
			path = OnTheMap;
			sourceTree = "<group>";
		};
		FB0C3D061B73A67F001D4246 /* Supporting Files */ = {
			isa = PBXGroup;
			children = (
				FB0C3D071B73A680001D4246 /* Info.plist */,
			);
			name = "Supporting Files";
			sourceTree = "<group>";
		};
		FB0C3D1B1B73A680001D4246 /* OnTheMapTests */ = {
			isa = PBXGroup;
			children = (
				FB0C3D1E1B73A680001D4246 /* OnTheMapTests.swift */,
				FB0C3D1C1B73A680001D4246 /* Supporting Files */,
			);
			path = OnTheMapTests;
			sourceTree = "<group>";
		};
		FB0C3D1C1B73A680001D4246 /* Supporting Files */ = {
			isa = PBXGroup;
			children = (
				FB0C3D1D1B73A680001D4246 /* Info.plist */,
			);
			name = "Supporting Files";
			sourceTree = "<group>";
		};
		FB152BBE1B8667C100C6AD07 /* Controller */ = {
			isa = PBXGroup;
			children = (
				FB0C3D0A1B73A680001D4246 /* LoginViewController.swift */,
				FB152BB81B83D50500C6AD07 /* ListViewController.swift */,
				FB152BBA1B83D61900C6AD07 /* MapViewController.swift */,
				FB152BBC1B83D71000C6AD07 /* InfoPostViewController.swift */,
			);
			name = Controller;
			sourceTree = "<group>";
		};
		FB152BBF1B8667D600C6AD07 /* Model */ = {
			isa = PBXGroup;
			children = (
				FB152BC01B86AF3000C6AD07 /* Clients */,
			);
			name = Model;
			sourceTree = "<group>";
		};
		FB152BC01B86AF3000C6AD07 /* Clients */ = {
			isa = PBXGroup;
			children = (
				FB152BC11B86AF4E00C6AD07 /* Udacity */,
			);
			name = Clients;
			sourceTree = "<group>";
		};
		FB152BC11B86AF4E00C6AD07 /* Udacity */ = {
			isa = PBXGroup;
			children = (
				FB152BC21B88EC1200C6AD07 /* UdacityClient.swift */,
			);
			name = Udacity;
			sourceTree = "<group>";
		};
/* End PBXGroup section */

/* Begin PBXNativeTarget section */
		FB0C3D021B73A67F001D4246 /* OnTheMap */ = {
			isa = PBXNativeTarget;
			buildConfigurationList = FB0C3D221B73A680001D4246 /* Build configuration list for PBXNativeTarget "OnTheMap" */;
			buildPhases = (
				FB0C3CFF1B73A67F001D4246 /* Sources */,
				FB0C3D001B73A67F001D4246 /* Frameworks */,
				FB0C3D011B73A67F001D4246 /* Resources */,
			);
			buildRules = (
			);
			dependencies = (
			);
			name = OnTheMap;
			productName = OnTheMap;
			productReference = FB0C3D031B73A67F001D4246 /* OnTheMap.app */;
			productType = "com.apple.product-type.application";
		};
		FB0C3D171B73A680001D4246 /* OnTheMapTests */ = {
			isa = PBXNativeTarget;
			buildConfigurationList = FB0C3D251B73A680001D4246 /* Build configuration list for PBXNativeTarget "OnTheMapTests" */;
			buildPhases = (
				FB0C3D141B73A680001D4246 /* Sources */,
				FB0C3D151B73A680001D4246 /* Frameworks */,
				FB0C3D161B73A680001D4246 /* Resources */,
			);
			buildRules = (
			);
			dependencies = (
				FB0C3D1A1B73A680001D4246 /* PBXTargetDependency */,
			);
			name = OnTheMapTests;
			productName = OnTheMapTests;
			productReference = FB0C3D181B73A680001D4246 /* OnTheMapTests.xctest */;
			productType = "com.apple.product-type.bundle.unit-test";
		};
/* End PBXNativeTarget section */

/* Begin PBXProject section */
		FB0C3CFB1B73A67F001D4246 /* Project object */ = {
			isa = PBXProject;
			attributes = {
				LastUpgradeCheck = 0640;
				ORGANIZATIONNAME = "Kelly Egan";
				TargetAttributes = {
					FB0C3D021B73A67F001D4246 = {
						CreatedOnToolsVersion = 6.4;
					};
					FB0C3D171B73A680001D4246 = {
						CreatedOnToolsVersion = 6.4;
						TestTargetID = FB0C3D021B73A67F001D4246;
					};
				};
			};
			buildConfigurationList = FB0C3CFE1B73A67F001D4246 /* Build configuration list for PBXProject "OnTheMap" */;
			compatibilityVersion = "Xcode 3.2";
			developmentRegion = English;
			hasScannedForEncodings = 0;
			knownRegions = (
				en,
				Base,
			);
			mainGroup = FB0C3CFA1B73A67F001D4246;
			productRefGroup = FB0C3D041B73A67F001D4246 /* Products */;
			projectDirPath = "";
			projectRoot = "";
			targets = (
				FB0C3D021B73A67F001D4246 /* OnTheMap */,
				FB0C3D171B73A680001D4246 /* OnTheMapTests */,
			);
		};
/* End PBXProject section */

/* Begin PBXResourcesBuildPhase section */
		FB0C3D011B73A67F001D4246 /* Resources */ = {
			isa = PBXResourcesBuildPhase;
			buildActionMask = 2147483647;
			files = (
				FB0C3D0E1B73A680001D4246 /* Main.storyboard in Resources */,
				FB0C3D131B73A680001D4246 /* LaunchScreen.xib in Resources */,
				FB0C3D101B73A680001D4246 /* Images.xcassets in Resources */,
			);
			runOnlyForDeploymentPostprocessing = 0;
		};
		FB0C3D161B73A680001D4246 /* Resources */ = {
			isa = PBXResourcesBuildPhase;
			buildActionMask = 2147483647;
			files = (
			);
			runOnlyForDeploymentPostprocessing = 0;
		};
/* End PBXResourcesBuildPhase section */

/* Begin PBXSourcesBuildPhase section */
		FB0C3CFF1B73A67F001D4246 /* Sources */ = {
			isa = PBXSourcesBuildPhase;
			buildActionMask = 2147483647;
			files = (
				FB0C3D0B1B73A680001D4246 /* LoginViewController.swift in Sources */,
				FB0C3D091B73A680001D4246 /* AppDelegate.swift in Sources */,
				FB152BC31B88EC1200C6AD07 /* UdacityClient.swift in Sources */,
				FB152BB91B83D50500C6AD07 /* ListViewController.swift in Sources */,
				FB152BBD1B83D71000C6AD07 /* InfoPostViewController.swift in Sources */,
				FB152BBB1B83D61900C6AD07 /* MapViewController.swift in Sources */,
			);
			runOnlyForDeploymentPostprocessing = 0;
		};
		FB0C3D141B73A680001D4246 /* Sources */ = {
			isa = PBXSourcesBuildPhase;
			buildActionMask = 2147483647;
			files = (
				FB0C3D1F1B73A680001D4246 /* OnTheMapTests.swift in Sources */,
			);
			runOnlyForDeploymentPostprocessing = 0;
		};
/* End PBXSourcesBuildPhase section */

/* Begin PBXTargetDependency section */
		FB0C3D1A1B73A680001D4246 /* PBXTargetDependency */ = {
			isa = PBXTargetDependency;
			target = FB0C3D021B73A67F001D4246 /* OnTheMap */;
			targetProxy = FB0C3D191B73A680001D4246 /* PBXContainerItemProxy */;
		};
/* End PBXTargetDependency section */

/* Begin PBXVariantGroup section */
		FB0C3D0C1B73A680001D4246 /* Main.storyboard */ = {
			isa = PBXVariantGroup;
			children = (
				FB0C3D0D1B73A680001D4246 /* Base */,
			);
			name = Main.storyboard;
			sourceTree = "<group>";
		};
		FB0C3D111B73A680001D4246 /* LaunchScreen.xib */ = {
			isa = PBXVariantGroup;
			children = (
				FB0C3D121B73A680001D4246 /* Base */,
			);
			name = LaunchScreen.xib;
			sourceTree = "<group>";
		};
/* End PBXVariantGroup section */

/* Begin XCBuildConfiguration section */
		FB0C3D201B73A680001D4246 /* Debug */ = {
			isa = XCBuildConfiguration;
			buildSettings = {
				ALWAYS_SEARCH_USER_PATHS = NO;
				CLANG_CXX_LANGUAGE_STANDARD = "gnu++0x";
				CLANG_CXX_LIBRARY = "libc++";
				CLANG_ENABLE_MODULES = YES;
				CLANG_ENABLE_OBJC_ARC = YES;
				CLANG_WARN_BOOL_CONVERSION = YES;
				CLANG_WARN_CONSTANT_CONVERSION = YES;
				CLANG_WARN_DIRECT_OBJC_ISA_USAGE = YES_ERROR;
				CLANG_WARN_EMPTY_BODY = YES;
				CLANG_WARN_ENUM_CONVERSION = YES;
				CLANG_WARN_INT_CONVERSION = YES;
				CLANG_WARN_OBJC_ROOT_CLASS = YES_ERROR;
				CLANG_WARN_UNREACHABLE_CODE = YES;
				CLANG_WARN__DUPLICATE_METHOD_MATCH = YES;
				"CODE_SIGN_IDENTITY[sdk=iphoneos*]" = "iPhone Developer";
				COPY_PHASE_STRIP = NO;
				DEBUG_INFORMATION_FORMAT = "dwarf-with-dsym";
				ENABLE_STRICT_OBJC_MSGSEND = YES;
				GCC_C_LANGUAGE_STANDARD = gnu99;
				GCC_DYNAMIC_NO_PIC = NO;
				GCC_NO_COMMON_BLOCKS = YES;
				GCC_OPTIMIZATION_LEVEL = 0;
				GCC_PREPROCESSOR_DEFINITIONS = (
					"DEBUG=1",
					"$(inherited)",
				);
				GCC_SYMBOLS_PRIVATE_EXTERN = NO;
				GCC_WARN_64_TO_32_BIT_CONVERSION = YES;
				GCC_WARN_ABOUT_RETURN_TYPE = YES_ERROR;
				GCC_WARN_UNDECLARED_SELECTOR = YES;
				GCC_WARN_UNINITIALIZED_AUTOS = YES_AGGRESSIVE;
				GCC_WARN_UNUSED_FUNCTION = YES;
				GCC_WARN_UNUSED_VARIABLE = YES;
				IPHONEOS_DEPLOYMENT_TARGET = 8.4;
				MTL_ENABLE_DEBUG_INFO = YES;
				ONLY_ACTIVE_ARCH = YES;
				SDKROOT = iphoneos;
				SWIFT_OPTIMIZATION_LEVEL = "-Onone";
				TARGETED_DEVICE_FAMILY = "1,2";
			};
			name = Debug;
		};
		FB0C3D211B73A680001D4246 /* Release */ = {
			isa = XCBuildConfiguration;
			buildSettings = {
				ALWAYS_SEARCH_USER_PATHS = NO;
				CLANG_CXX_LANGUAGE_STANDARD = "gnu++0x";
				CLANG_CXX_LIBRARY = "libc++";
				CLANG_ENABLE_MODULES = YES;
				CLANG_ENABLE_OBJC_ARC = YES;
				CLANG_WARN_BOOL_CONVERSION = YES;
				CLANG_WARN_CONSTANT_CONVERSION = YES;
				CLANG_WARN_DIRECT_OBJC_ISA_USAGE = YES_ERROR;
				CLANG_WARN_EMPTY_BODY = YES;
				CLANG_WARN_ENUM_CONVERSION = YES;
				CLANG_WARN_INT_CONVERSION = YES;
				CLANG_WARN_OBJC_ROOT_CLASS = YES_ERROR;
				CLANG_WARN_UNREACHABLE_CODE = YES;
				CLANG_WARN__DUPLICATE_METHOD_MATCH = YES;
				"CODE_SIGN_IDENTITY[sdk=iphoneos*]" = "iPhone Developer";
				COPY_PHASE_STRIP = NO;
				DEBUG_INFORMATION_FORMAT = "dwarf-with-dsym";
				ENABLE_NS_ASSERTIONS = NO;
				ENABLE_STRICT_OBJC_MSGSEND = YES;
				GCC_C_LANGUAGE_STANDARD = gnu99;
				GCC_NO_COMMON_BLOCKS = YES;
				GCC_WARN_64_TO_32_BIT_CONVERSION = YES;
				GCC_WARN_ABOUT_RETURN_TYPE = YES_ERROR;
				GCC_WARN_UNDECLARED_SELECTOR = YES;
				GCC_WARN_UNINITIALIZED_AUTOS = YES_AGGRESSIVE;
				GCC_WARN_UNUSED_FUNCTION = YES;
				GCC_WARN_UNUSED_VARIABLE = YES;
				IPHONEOS_DEPLOYMENT_TARGET = 8.4;
				MTL_ENABLE_DEBUG_INFO = NO;
				SDKROOT = iphoneos;
				TARGETED_DEVICE_FAMILY = "1,2";
				VALIDATE_PRODUCT = YES;
			};
			name = Release;
		};
		FB0C3D231B73A680001D4246 /* Debug */ = {
			isa = XCBuildConfiguration;
			buildSettings = {
				ASSETCATALOG_COMPILER_APPICON_NAME = AppIcon;
				INFOPLIST_FILE = OnTheMap/Info.plist;
				LD_RUNPATH_SEARCH_PATHS = "$(inherited) @executable_path/Frameworks";
				PRODUCT_NAME = "$(TARGET_NAME)";
			};
			name = Debug;
		};
		FB0C3D241B73A680001D4246 /* Release */ = {
			isa = XCBuildConfiguration;
			buildSettings = {
				ASSETCATALOG_COMPILER_APPICON_NAME = AppIcon;
				INFOPLIST_FILE = OnTheMap/Info.plist;
				LD_RUNPATH_SEARCH_PATHS = "$(inherited) @executable_path/Frameworks";
				PRODUCT_NAME = "$(TARGET_NAME)";
			};
			name = Release;
		};
		FB0C3D261B73A680001D4246 /* Debug */ = {
			isa = XCBuildConfiguration;
			buildSettings = {
				BUNDLE_LOADER = "$(TEST_HOST)";
				FRAMEWORK_SEARCH_PATHS = (
					"$(SDKROOT)/Developer/Library/Frameworks",
					"$(inherited)",
				);
				GCC_PREPROCESSOR_DEFINITIONS = (
					"DEBUG=1",
					"$(inherited)",
				);
				INFOPLIST_FILE = OnTheMapTests/Info.plist;
				LD_RUNPATH_SEARCH_PATHS = "$(inherited) @executable_path/Frameworks @loader_path/Frameworks";
				PRODUCT_NAME = "$(TARGET_NAME)";
				TEST_HOST = "$(BUILT_PRODUCTS_DIR)/OnTheMap.app/OnTheMap";
			};
			name = Debug;
		};
		FB0C3D271B73A680001D4246 /* Release */ = {
			isa = XCBuildConfiguration;
			buildSettings = {
				BUNDLE_LOADER = "$(TEST_HOST)";
				FRAMEWORK_SEARCH_PATHS = (
					"$(SDKROOT)/Developer/Library/Frameworks",
					"$(inherited)",
				);
				INFOPLIST_FILE = OnTheMapTests/Info.plist;
				LD_RUNPATH_SEARCH_PATHS = "$(inherited) @executable_path/Frameworks @loader_path/Frameworks";
				PRODUCT_NAME = "$(TARGET_NAME)";
				TEST_HOST = "$(BUILT_PRODUCTS_DIR)/OnTheMap.app/OnTheMap";
			};
			name = Release;
		};
/* End XCBuildConfiguration section */

/* Begin XCConfigurationList section */
		FB0C3CFE1B73A67F001D4246 /* Build configuration list for PBXProject "OnTheMap" */ = {
			isa = XCConfigurationList;
			buildConfigurations = (
				FB0C3D201B73A680001D4246 /* Debug */,
				FB0C3D211B73A680001D4246 /* Release */,
			);
			defaultConfigurationIsVisible = 0;
			defaultConfigurationName = Release;
		};
		FB0C3D221B73A680001D4246 /* Build configuration list for PBXNativeTarget "OnTheMap" */ = {
			isa = XCConfigurationList;
			buildConfigurations = (
				FB0C3D231B73A680001D4246 /* Debug */,
				FB0C3D241B73A680001D4246 /* Release */,
			);
			defaultConfigurationIsVisible = 0;
			defaultConfigurationName = Release;
		};
		FB0C3D251B73A680001D4246 /* Build configuration list for PBXNativeTarget "OnTheMapTests" */ = {
			isa = XCConfigurationList;
			buildConfigurations = (
				FB0C3D261B73A680001D4246 /* Debug */,
				FB0C3D271B73A680001D4246 /* Release */,
			);
			defaultConfigurationIsVisible = 0;
			defaultConfigurationName = Release;
		};
/* End XCConfigurationList section */
	};
	rootObject = FB0C3CFB1B73A67F001D4246 /* Project object */;
}
